
Microsoft Visual Studio Solution File, Format Version 11.00
# Visual Studio 2010
Project("{FAE04EC0-301F-11D3-BF4B-00C04F79EFBC}") = "CryptoWindowsFormsApplication1", "CryptoWindowsFormsApplication1\CryptoWindowsFormsApplication1.csproj", "{F11E105F-CD71-4DE7-A60E-30B3FE588CD0}"
EndProject
Project("{2150E333-8FDC-42A3-9474-1A3956D46DE8}") = "NewFolder1", "NewFolder1", "{7A970A08-D092-4544-82CC-3085B4C4F435}"
EndProject
Global
	GlobalSection(SolutionConfigurationPlatforms) = preSolution
		Debug|x86 = Debug|x86
		Release|x86 = Release|x86
	EndGlobalSection
	GlobalSection(ProjectConfigurationPlatforms) = postSolution
		{F11E105F-CD71-4DE7-A60E-30B3FE588CD0}.Debug|x86.ActiveCfg = Debug|x86
		{F11E105F-CD71-4DE7-A60E-30B3FE588CD0}.Debug|x86.Build.0 = Debug|x86
		{F11E105F-CD71-4DE7-A60E-30B3FE588CD0}.Release|x86.ActiveCfg = Release|x86
		{F11E105F-CD71-4DE7-A60E-30B3FE588CD0}.Release|x86.Build.0 = Release|x86
	EndGlobalSection
	GlobalSection(SolutionProperties) = preSolution
		HideSolutionNode = FALSE
	EndGlobalSection
EndGlobal
